// !$*UTF8*$!
{
	archiveVersion = 1;
	classes = {
	};
	objectVersion = 46;
	objects = {

/* Begin PBXBuildFile section */
		ED8B60111AB64ECF0035CC25 /* main.m in Sources */ = {isa = PBXBuildFile; fileRef = ED8B60101AB64ECF0035CC25 /* main.m */; };
		ED8B60141AB64ECF0035CC25 /* AppDelegate.m in Sources */ = {isa = PBXBuildFile; fileRef = ED8B60131AB64ECF0035CC25 /* AppDelegate.m */; };
		ED8B60171AB64ECF0035CC25 /* ViewController.m in Sources */ = {isa = PBXBuildFile; fileRef = ED8B60161AB64ECF0035CC25 /* ViewController.m */; };
		ED8B601A1AB64ED00035CC25 /* Main.storyboard in Resources */ = {isa = PBXBuildFile; fileRef = ED8B60181AB64ED00035CC25 /* Main.storyboard */; };
		ED8B601C1AB64ED00035CC25 /* Images.xcassets in Resources */ = {isa = PBXBuildFile; fileRef = ED8B601B1AB64ED00035CC25 /* Images.xcassets */; };
		ED8B601F1AB64ED00035CC25 /* LaunchScreen.xib in Resources */ = {isa = PBXBuildFile; fileRef = ED8B601D1AB64ED00035CC25 /* LaunchScreen.xib */; };
		ED8B602B1AB64ED00035CC25 /* DoubleHeadedLinkListTests.m in Sources */ = {isa = PBXBuildFile; fileRef = ED8B602A1AB64ED00035CC25 /* DoubleHeadedLinkListTests.m */; };
		ED8B60361AB64EF30035CC25 /* Node.m in Sources */ = {isa = PBXBuildFile; fileRef = ED8B60351AB64EF30035CC25 /* Node.m */; };
/* End PBXBuildFile section */

/* Begin PBXContainerItemProxy section */
		ED8B60251AB64ED00035CC25 /* PBXContainerItemProxy */ = {
			isa = PBXContainerItemProxy;
			containerPortal = ED8B60031AB64ECF0035CC25 /* Project object */;
			proxyType = 1;
			remoteGlobalIDString = ED8B600A1AB64ECF0035CC25;
			remoteInfo = DoubleHeadedLinkList;
		};
/* End PBXContainerItemProxy section */

/* Begin PBXFileReference section */
		ED8B600B1AB64ECF0035CC25 /* DoubleHeadedLinkList.app */ = {isa = PBXFileReference; explicitFileType = wrapper.application; includeInIndex = 0; path = DoubleHeadedLinkList.app; sourceTree = BUILT_PRODUCTS_DIR; };
		ED8B600F1AB64ECF0035CC25 /* Info.plist */ = {isa = PBXFileReference; lastKnownFileType = text.plist.xml; path = Info.plist; sourceTree = "<group>"; };
		ED8B60101AB64ECF0035CC25 /* main.m */ = {isa = PBXFileReference; lastKnownFileType = sourcecode.c.objc; path = main.m; sourceTree = "<group>"; };
		ED8B60121AB64ECF0035CC25 /* AppDelegate.h */ = {isa = PBXFileReference; lastKnownFileType = sourcecode.c.h; path = AppDelegate.h; sourceTree = "<group>"; };
		ED8B60131AB64ECF0035CC25 /* AppDelegate.m */ = {isa = PBXFileReference; lastKnownFileType = sourcecode.c.objc; path = AppDelegate.m; sourceTree = "<group>"; };
		ED8B60151AB64ECF0035CC25 /* ViewController.h */ = {isa = PBXFileReference; lastKnownFileType = sourcecode.c.h; path = ViewController.h; sourceTree = "<group>"; };
		ED8B60161AB64ECF0035CC25 /* ViewController.m */ = {isa = PBXFileReference; lastKnownFileType = sourcecode.c.objc; path = ViewController.m; sourceTree = "<group>"; };
		ED8B60191AB64ED00035CC25 /* Base */ = {isa = PBXFileReference; lastKnownFileType = file.storyboard; name = Base; path = Base.lproj/Main.storyboard; sourceTree = "<group>"; };
		ED8B601B1AB64ED00035CC25 /* Images.xcassets */ = {isa = PBXFileReference; lastKnownFileType = folder.assetcatalog; path = Images.xcassets; sourceTree = "<group>"; };
		ED8B601E1AB64ED00035CC25 /* Base */ = {isa = PBXFileReference; lastKnownFileType = file.xib; name = Base; path = Base.lproj/LaunchScreen.xib; sourceTree = "<group>"; };
		ED8B60241AB64ED00035CC25 /* DoubleHeadedLinkListTests.xctest */ = {isa = PBXFileReference; explicitFileType = wrapper.cfbundle; includeInIndex = 0; path = DoubleHeadedLinkListTests.xctest; sourceTree = BUILT_PRODUCTS_DIR; };
		ED8B60291AB64ED00035CC25 /* Info.plist */ = {isa = PBXFileReference; lastKnownFileType = text.plist.xml; path = Info.plist; sourceTree = "<group>"; };
		ED8B602A1AB64ED00035CC25 /* DoubleHeadedLinkListTests.m */ = {isa = PBXFileReference; lastKnownFileType = sourcecode.c.objc; path = DoubleHeadedLinkListTests.m; sourceTree = "<group>"; };
		ED8B60341AB64EF30035CC25 /* Node.h */ = {isa = PBXFileReference; fileEncoding = 4; lastKnownFileType = sourcecode.c.h; path = Node.h; sourceTree = "<group>"; };
		ED8B60351AB64EF30035CC25 /* Node.m */ = {isa = PBXFileReference; fileEncoding = 4; lastKnownFileType = sourcecode.c.objc; path = Node.m; sourceTree = "<group>"; };
/* End PBXFileReference section */

/* Begin PBXFrameworksBuildPhase section */
		ED8B60081AB64ECF0035CC25 /* Frameworks */ = {
			isa = PBXFrameworksBuildPhase;
			buildActionMask = 2147483647;
			files = (
			);
			runOnlyForDeploymentPostprocessing = 0;
		};
		ED8B60211AB64ED00035CC25 /* Frameworks */ = {
			isa = PBXFrameworksBuildPhase;
			buildActionMask = 2147483647;
			files = (
			);
			runOnlyForDeploymentPostprocessing = 0;
		};
/* End PBXFrameworksBuildPhase section */

/* Begin PBXGroup section */
		ED8B60021AB64ECF0035CC25 = {
			isa = PBXGroup;
			children = (
				ED8B600D1AB64ECF0035CC25 /* DoubleHeadedLinkList */,
				ED8B60271AB64ED00035CC25 /* DoubleHeadedLinkListTests */,
				ED8B600C1AB64ECF0035CC25 /* Products */,
			);
			sourceTree = "<group>";
		};
		ED8B600C1AB64ECF0035CC25 /* Products */ = {
			isa = PBXGroup;
			children = (
				ED8B600B1AB64ECF0035CC25 /* DoubleHeadedLinkList.app */,
				ED8B60241AB64ED00035CC25 /* DoubleHeadedLinkListTests.xctest */,
			);
			name = Products;
			sourceTree = "<group>";
		};
		ED8B600D1AB64ECF0035CC25 /* DoubleHeadedLinkList */ = {
			isa = PBXGroup;
			children = (
				ED8B60121AB64ECF0035CC25 /* AppDelegate.h */,
				ED8B60131AB64ECF0035CC25 /* AppDelegate.m */,
				ED8B60341AB64EF30035CC25 /* Node.h */,
				ED8B60351AB64EF30035CC25 /* Node.m */,
				ED8B60151AB64ECF0035CC25 /* ViewController.h */,
				ED8B60161AB64ECF0035CC25 /* ViewController.m */,
				ED8B60181AB64ED00035CC25 /* Main.storyboard */,
				ED8B601B1AB64ED00035CC25 /* Images.xcassets */,
				ED8B601D1AB64ED00035CC25 /* LaunchScreen.xib */,
				ED8B600E1AB64ECF0035CC25 /* Supporting Files */,
			);
			path = DoubleHeadedLinkList;
			sourceTree = "<group>";
		};
		ED8B600E1AB64ECF0035CC25 /* Supporting Files */ = {
			isa = PBXGroup;
			children = (
				ED8B600F1AB64ECF0035CC25 /* Info.plist */,
				ED8B60101AB64ECF0035CC25 /* main.m */,
			);
			name = "Supporting Files";
			sourceTree = "<group>";
		};
		ED8B60271AB64ED00035CC25 /* DoubleHeadedLinkListTests */ = {
			isa = PBXGroup;
			children = (
				ED8B602A1AB64ED00035CC25 /* DoubleHeadedLinkListTests.m */,
				ED8B60281AB64ED00035CC25 /* Supporting Files */,
			);
			path = DoubleHeadedLinkListTests;
			sourceTree = "<group>";
		};
		ED8B60281AB64ED00035CC25 /* Supporting Files */ = {
			isa = PBXGroup;
			children = (
				ED8B60291AB64ED00035CC25 /* Info.plist */,
			);
			name = "Supporting Files";
			sourceTree = "<group>";
		};
/* End PBXGroup section */

/* Begin PBXNativeTarget section */
		ED8B600A1AB64ECF0035CC25 /* DoubleHeadedLinkList */ = {
			isa = PBXNativeTarget;
			buildConfigurationList = ED8B602E1AB64ED00035CC25 /* Build configuration list for PBXNativeTarget "DoubleHeadedLinkList" */;
			buildPhases = (
				ED8B60071AB64ECF0035CC25 /* Sources */,
				ED8B60081AB64ECF0035CC25 /* Frameworks */,
				ED8B60091AB64ECF0035CC25 /* Resources */,
			);
			buildRules = (
			);
			dependencies = (
			);
			name = DoubleHeadedLinkList;
			productName = DoubleHeadedLinkList;
			productReference = ED8B600B1AB64ECF0035CC25 /* DoubleHeadedLinkList.app */;
			productType = "com.apple.product-type.application";
		};
		ED8B60231AB64ED00035CC25 /* DoubleHeadedLinkListTests */ = {
			isa = PBXNativeTarget;
			buildConfigurationList = ED8B60311AB64ED00035CC25 /* Build configuration list for PBXNativeTarget "DoubleHeadedLinkListTests" */;
			buildPhases = (
				ED8B60201AB64ED00035CC25 /* Sources */,
				ED8B60211AB64ED00035CC25 /* Frameworks */,
				ED8B60221AB64ED00035CC25 /* Resources */,
			);
			buildRules = (
			);
			dependencies = (
				ED8B60261AB64ED00035CC25 /* PBXTargetDependency */,
			);
			name = DoubleHeadedLinkListTests;
			productName = DoubleHeadedLinkListTests;
			productReference = ED8B60241AB64ED00035CC25 /* DoubleHeadedLinkListTests.xctest */;
			productType = "com.apple.product-type.bundle.unit-test";
		};
/* End PBXNativeTarget section */

/* Begin PBXProject section */
		ED8B60031AB64ECF0035CC25 /* Project object */ = {
			isa = PBXProject;
			attributes = {
				LastUpgradeCheck = 0610;
				ORGANIZATIONNAME = "sanjeev bharti";
				TargetAttributes = {
					ED8B600A1AB64ECF0035CC25 = {
						CreatedOnToolsVersion = 6.1.1;
					};
					ED8B60231AB64ED00035CC25 = {
						CreatedOnToolsVersion = 6.1.1;
						TestTargetID = ED8B600A1AB64ECF0035CC25;
					};
				};
			};
			buildConfigurationList = ED8B60061AB64ECF0035CC25 /* Build configuration list for PBXProject "DoubleHeadedLinkList" */;
			compatibilityVersion = "Xcode 3.2";
			developmentRegion = English;
			hasScannedForEncodings = 0;
			knownRegions = (
				en,
				Base,
			);
			mainGroup = ED8B60021AB64ECF0035CC25;
			productRefGroup = ED8B600C1AB64ECF0035CC25 /* Products */;
			projectDirPath = "";
			projectRoot = "";
			targets = (
				ED8B600A1AB64ECF0035CC25 /* DoubleHeadedLinkList */,
				ED8B60231AB64ED00035CC25 /* DoubleHeadedLinkListTests */,
			);
		};
/* End PBXProject section */

/* Begin PBXResourcesBuildPhase section */
		ED8B60091AB64ECF0035CC25 /* Resources */ = {
			isa = PBXResourcesBuildPhase;
			buildActionMask = 2147483647;
			files = (
				ED8B601A1AB64ED00035CC25 /* Main.storyboard in Resources */,
				ED8B601F1AB64ED00035CC25 /* LaunchScreen.xib in Resources */,
				ED8B601C1AB64ED00035CC25 /* Images.xcassets in Resources */,
			);
			runOnlyForDeploymentPostprocessing = 0;
		};
		ED8B60221AB64ED00035CC25 /* Resources */ = {
			isa = PBXResourcesBuildPhase;
			buildActionMask = 2147483647;
			files = (
			);
			runOnlyForDeploymentPostprocessing = 0;
		};
/* End PBXResourcesBuildPhase section */

/* Begin PBXSourcesBuildPhase section */
		ED8B60071AB64ECF0035CC25 /* Sources */ = {
			isa = PBXSourcesBuildPhase;
			buildActionMask = 2147483647;
			files = (
				ED8B60171AB64ECF0035CC25 /* ViewController.m in Sources */,
				ED8B60141AB64ECF0035CC25 /* AppDelegate.m in Sources */,
				ED8B60111AB64ECF0035CC25 /* main.m in Sources */,
				ED8B60361AB64EF30035CC25 /* Node.m in Sources */,
			);
			runOnlyForDeploymentPostprocessing = 0;
		};
		ED8B60201AB64ED00035CC25 /* Sources */ = {
			isa = PBXSourcesBuildPhase;
			buildActionMask = 2147483647;
			files = (
				ED8B602B1AB64ED00035CC25 /* DoubleHeadedLinkListTests.m in Sources */,
			);
			runOnlyForDeploymentPostprocessing = 0;
		};
/* End PBXSourcesBuildPhase section */

/* Begin PBXTargetDependency section */
		ED8B60261AB64ED00035CC25 /* PBXTargetDependency */ = {
			isa = PBXTargetDependency;
			target = ED8B600A1AB64ECF0035CC25 /* DoubleHeadedLinkList */;
			targetProxy = ED8B60251AB64ED00035CC25 /* PBXContainerItemProxy */;
		};
/* End PBXTargetDependency section */

/* Begin PBXVariantGroup section */
		ED8B60181AB64ED00035CC25 /* Main.storyboard */ = {
			isa = PBXVariantGroup;
			children = (
				ED8B60191AB64ED00035CC25 /* Base */,
			);
			name = Main.storyboard;
			sourceTree = "<group>";
		};
		ED8B601D1AB64ED00035CC25 /* LaunchScreen.xib */ = {
			isa = PBXVariantGroup;
			children = (
				ED8B601E1AB64ED00035CC25 /* Base */,
			);
			name = LaunchScreen.xib;
			sourceTree = "<group>";
		};
/* End PBXVariantGroup section */

/* Begin XCBuildConfiguration section */
		ED8B602C1AB64ED00035CC25 /* Debug */ = {
			isa = XCBuildConfiguration;
			buildSettings = {
				ALWAYS_SEARCH_USER_PATHS = NO;
				CLANG_CXX_LANGUAGE_STANDARD = "gnu++0x";
				CLANG_CXX_LIBRARY = "libc++";
				CLANG_ENABLE_MODULES = YES;
				CLANG_ENABLE_OBJC_ARC = YES;
				CLANG_WARN_BOOL_CONVERSION = YES;
				CLANG_WARN_CONSTANT_CONVERSION = YES;
				CLANG_WARN_DIRECT_OBJC_ISA_USAGE = YES_ERROR;
				CLANG_WARN_EMPTY_BODY = YES;
				CLANG_WARN_ENUM_CONVERSION = YES;
				CLANG_WARN_INT_CONVERSION = YES;
				CLANG_WARN_OBJC_ROOT_CLASS = YES_ERROR;
				CLANG_WARN_UNREACHABLE_CODE = YES;
				CLANG_WARN__DUPLICATE_METHOD_MATCH = YES;
				"CODE_SIGN_IDENTITY[sdk=iphoneos*]" = "iPhone Developer";
				COPY_PHASE_STRIP = NO;
				ENABLE_STRICT_OBJC_MSGSEND = YES;
				GCC_C_LANGUAGE_STANDARD = gnu99;
				GCC_DYNAMIC_NO_PIC = NO;
				GCC_OPTIMIZATION_LEVEL = 0;
				GCC_PREPROCESSOR_DEFINITIONS = (
					"DEBUG=1",
					"$(inherited)",
				);
				GCC_SYMBOLS_PRIVATE_EXTERN = NO;
				GCC_WARN_64_TO_32_BIT_CONVERSION = YES;
				GCC_WARN_ABOUT_RETURN_TYPE = YES_ERROR;
				GCC_WARN_UNDECLARED_SELECTOR = YES;
				GCC_WARN_UNINITIALIZED_AUTOS = YES_AGGRESSIVE;
				GCC_WARN_UNUSED_FUNCTION = YES;
				GCC_WARN_UNUSED_VARIABLE = YES;
				IPHONEOS_DEPLOYMENT_TARGET = 8.1;
				MTL_ENABLE_DEBUG_INFO = YES;
				ONLY_ACTIVE_ARCH = YES;
				SDKROOT = iphoneos;
				TARGETED_DEVICE_FAMILY = "1,2";
			};
			name = Debug;
		};
		ED8B602D1AB64ED00035CC25 /* Release */ = {
			isa = XCBuildConfiguration;
			buildSettings = {
				ALWAYS_SEARCH_USER_PATHS = NO;
				CLANG_CXX_LANGUAGE_STANDARD = "gnu++0x";
				CLANG_CXX_LIBRARY = "libc++";
				CLANG_ENABLE_MODULES = YES;
				CLANG_ENABLE_OBJC_ARC = YES;
				CLANG_WARN_BOOL_CONVERSION = YES;
				CLANG_WARN_CONSTANT_CONVERSION = YES;
				CLANG_WARN_DIRECT_OBJC_ISA_USAGE = YES_ERROR;
				CLANG_WARN_EMPTY_BODY = YES;
				CLANG_WARN_ENUM_CONVERSION = YES;
				CLANG_WARN_INT_CONVERSION = YES;
				CLANG_WARN_OBJC_ROOT_CLASS = YES_ERROR;
				CLANG_WARN_UNREACHABLE_CODE = YES;
				CLANG_WARN__DUPLICATE_METHOD_MATCH = YES;
				"CODE_SIGN_IDENTITY[sdk=iphoneos*]" = "iPhone Developer";
				COPY_PHASE_STRIP = YES;
				ENABLE_NS_ASSERTIONS = NO;
				ENABLE_STRICT_OBJC_MSGSEND = YES;
				GCC_C_LANGUAGE_STANDARD = gnu99;
				GCC_WARN_64_TO_32_BIT_CONVERSION = YES;
				GCC_WARN_ABOUT_RETURN_TYPE = YES_ERROR;
				GCC_WARN_UNDECLARED_SELECTOR = YES;
				GCC_WARN_UNINITIALIZED_AUTOS = YES_AGGRESSIVE;
				GCC_WARN_UNUSED_FUNCTION = YES;
				GCC_WARN_UNUSED_VARIABLE = YES;
				IPHONEOS_DEPLOYMENT_TARGET = 8.1;
				MTL_ENABLE_DEBUG_INFO = NO;
				SDKROOT = iphoneos;
				TARGETED_DEVICE_FAMILY = "1,2";
				VALIDATE_PRODUCT = YES;
			};
			name = Release;
		};
		ED8B602F1AB64ED00035CC25 /* Debug */ = {
			isa = XCBuildConfiguration;
			buildSettings = {
				ASSETCATALOG_COMPILER_APPICON_NAME = AppIcon;
				INFOPLIST_FILE = DoubleHeadedLinkList/Info.plist;
				LD_RUNPATH_SEARCH_PATHS = "$(inherited) @executable_path/Frameworks";
				PRODUCT_NAME = "$(TARGET_NAME)";
			};
			name = Debug;
		};
		ED8B60301AB64ED00035CC25 /* Release */ = {
			isa = XCBuildConfiguration;
			buildSettings = {
				ASSETCATALOG_COMPILER_APPICON_NAME = AppIcon;
				INFOPLIST_FILE = DoubleHeadedLinkList/Info.plist;
				LD_RUNPATH_SEARCH_PATHS = "$(inherited) @executable_path/Frameworks";
				PRODUCT_NAME = "$(TARGET_NAME)";
			};
			name = Release;
		};
		ED8B60321AB64ED00035CC25 /* Debug */ = {
			isa = XCBuildConfiguration;
			buildSettings = {
				BUNDLE_LOADER = "$(TEST_HOST)";
				FRAMEWORK_SEARCH_PATHS = (
					"$(SDKROOT)/Developer/Library/Frameworks",
					"$(inherited)",
				);
				GCC_PREPROCESSOR_DEFINITIONS = (
					"DEBUG=1",
					"$(inherited)",
				);
				INFOPLIST_FILE = DoubleHeadedLinkListTests/Info.plist;
				LD_RUNPATH_SEARCH_PATHS = "$(inherited) @executable_path/Frameworks @loader_path/Frameworks";
				PRODUCT_NAME = "$(TARGET_NAME)";
				TEST_HOST = "$(BUILT_PRODUCTS_DIR)/DoubleHeadedLinkList.app/DoubleHeadedLinkList";
			};
			name = Debug;
		};
		ED8B60331AB64ED00035CC25 /* Release */ = {
			isa = XCBuildConfiguration;
			buildSettings = {
				BUNDLE_LOADER = "$(TEST_HOST)";
				FRAMEWORK_SEARCH_PATHS = (
					"$(SDKROOT)/Developer/Library/Frameworks",
					"$(inherited)",
				);
				INFOPLIST_FILE = DoubleHeadedLinkListTests/Info.plist;
				LD_RUNPATH_SEARCH_PATHS = "$(inherited) @executable_path/Frameworks @loader_path/Frameworks";
				PRODUCT_NAME = "$(TARGET_NAME)";
				TEST_HOST = "$(BUILT_PRODUCTS_DIR)/DoubleHeadedLinkList.app/DoubleHeadedLinkList";
			};
			name = Release;
		};
/* End XCBuildConfiguration section */

/* Begin XCConfigurationList section */
		ED8B60061AB64ECF0035CC25 /* Build configuration list for PBXProject "DoubleHeadedLinkList" */ = {
			isa = XCConfigurationList;
			buildConfigurations = (
				ED8B602C1AB64ED00035CC25 /* Debug */,
				ED8B602D1AB64ED00035CC25 /* Release */,
			);
			defaultConfigurationIsVisible = 0;
			defaultConfigurationName = Release;
		};
		ED8B602E1AB64ED00035CC25 /* Build configuration list for PBXNativeTarget "DoubleHeadedLinkList" */ = {
			isa = XCConfigurationList;
			buildConfigurations = (
				ED8B602F1AB64ED00035CC25 /* Debug */,
				ED8B60301AB64ED00035CC25 /* Release */,
			);
			defaultConfigurationIsVisible = 0;
		};
		ED8B60311AB64ED00035CC25 /* Build configuration list for PBXNativeTarget "DoubleHeadedLinkListTests" */ = {
			isa = XCConfigurationList;
			buildConfigurations = (
				ED8B60321AB64ED00035CC25 /* Debug */,
				ED8B60331AB64ED00035CC25 /* Release */,
			);
			defaultConfigurationIsVisible = 0;
		};
/* End XCConfigurationList section */
	};
	rootObject = ED8B60031AB64ECF0035CC25 /* Project object */;
}
